
Microsoft Visual Studio Solution File, Format Version 12.00
# Visual Studio Version 16
VisualStudioVersion = 16.0.30413.136
MinimumVisualStudioVersion = 10.0.40219.1
Project("{FAE04EC0-301F-11D3-BF4B-00C04F79EFBC}") = "ch03-demo1", "ch03-demo1\ch03-demo1.csproj", "{D3878FF4-EA1B-40AB-B876-1B78F2FC96C0}"
EndProject
Project("{FAE04EC0-301F-11D3-BF4B-00C04F79EFBC}") = "ch03-demo2", "ch03-demo2\ch03-demo2.csproj", "{580F03E1-A800-48D4-B05C-35503A63F646}"
EndProject
Global
	GlobalSection(SolutionConfigurationPlatforms) = preSolution
		Debug|Any CPU = Debug|Any CPU
		Release|Any CPU = Release|Any CPU
	EndGlobalSection
	GlobalSection(ProjectConfigurationPlatforms) = postSolution
		{D3878FF4-EA1B-40AB-B876-1B78F2FC96C0}.Debug|Any CPU.ActiveCfg = Debug|Any CPU
		{D3878FF4-EA1B-40AB-B876-1B78F2FC96C0}.Debug|Any CPU.Build.0 = Debug|Any CPU
		{D3878FF4-EA1B-40AB-B876-1B78F2FC96C0}.Release|Any CPU.ActiveCfg = Release|Any CPU
		{D3878FF4-EA1B-40AB-B876-1B78F2FC96C0}.Release|Any CPU.Build.0 = Release|Any CPU
		{580F03E1-A800-48D4-B05C-35503A63F646}.Debug|Any CPU.ActiveCfg = Debug|Any CPU
		{580F03E1-A800-48D4-B05C-35503A63F646}.Debug|Any CPU.Build.0 = Debug|Any CPU
		{580F03E1-A800-48D4-B05C-35503A63F646}.Release|Any CPU.ActiveCfg = Release|Any CPU
		{580F03E1-A800-48D4-B05C-35503A63F646}.Release|Any CPU.Build.0 = Release|Any CPU
	EndGlobalSection
	GlobalSection(SolutionProperties) = preSolution
		HideSolutionNode = FALSE
	EndGlobalSection
	GlobalSection(ExtensibilityGlobals) = postSolution
		SolutionGuid = {8470D615-04EC-4561-9D9B-7BB21C1B8ED7}
	EndGlobalSection
EndGlobal
