
Microsoft Visual Studio Solution File, Format Version 12.00
# Visual Studio Version 16
VisualStudioVersion = 16.0.30413.136
MinimumVisualStudioVersion = 10.0.40219.1
Project("{FAE04EC0-301F-11D3-BF4B-00C04F79EFBC}") = "hello-world", "hello-world\hello-world.csproj", "{AFFF254D-B70C-4A71-8602-A287A53BD748}"
EndProject
Global
	GlobalSection(SolutionConfigurationPlatforms) = preSolution
		Debug|Any CPU = Debug|Any CPU
		Release|Any CPU = Release|Any CPU
	EndGlobalSection
	GlobalSection(ProjectConfigurationPlatforms) = postSolution
		{AFFF254D-B70C-4A71-8602-A287A53BD748}.Debug|Any CPU.ActiveCfg = Debug|Any CPU
		{AFFF254D-B70C-4A71-8602-A287A53BD748}.Debug|Any CPU.Build.0 = Debug|Any CPU
		{AFFF254D-B70C-4A71-8602-A287A53BD748}.Release|Any CPU.ActiveCfg = Release|Any CPU
		{AFFF254D-B70C-4A71-8602-A287A53BD748}.Release|Any CPU.Build.0 = Release|Any CPU
	EndGlobalSection
	GlobalSection(SolutionProperties) = preSolution
		HideSolutionNode = FALSE
	EndGlobalSection
	GlobalSection(ExtensibilityGlobals) = postSolution
		SolutionGuid = {28756615-0F87-4D44-990F-0636A1688F3D}
	EndGlobalSection
EndGlobal
