
Microsoft Visual Studio Solution File, Format Version 12.00
# Visual Studio Version 16
VisualStudioVersion = 16.0.30413.136
MinimumVisualStudioVersion = 10.0.40219.1
Project("{FAE04EC0-301F-11D3-BF4B-00C04F79EFBC}") = "ch04-demo1", "ch04-demo1\ch04-demo1.csproj", "{B86FBC50-5CEE-423F-B046-B68A58B532FE}"
EndProject
Global
	GlobalSection(SolutionConfigurationPlatforms) = preSolution
		Debug|Any CPU = Debug|Any CPU
		Release|Any CPU = Release|Any CPU
	EndGlobalSection
	GlobalSection(ProjectConfigurationPlatforms) = postSolution
		{B86FBC50-5CEE-423F-B046-B68A58B532FE}.Debug|Any CPU.ActiveCfg = Debug|Any CPU
		{B86FBC50-5CEE-423F-B046-B68A58B532FE}.Debug|Any CPU.Build.0 = Debug|Any CPU
		{B86FBC50-5CEE-423F-B046-B68A58B532FE}.Release|Any CPU.ActiveCfg = Release|Any CPU
		{B86FBC50-5CEE-423F-B046-B68A58B532FE}.Release|Any CPU.Build.0 = Release|Any CPU
	EndGlobalSection
	GlobalSection(SolutionProperties) = preSolution
		HideSolutionNode = FALSE
	EndGlobalSection
	GlobalSection(ExtensibilityGlobals) = postSolution
		SolutionGuid = {20C42073-8690-4C27-95B3-D8C426F4ECD6}
	EndGlobalSection
EndGlobal
